
Microsoft Visual Studio Solution File, Format Version 12.00
# Visual Studio Version 17
VisualStudioVersion = 17.5.002.0
MinimumVisualStudioVersion = 10.0.40219.1
Project("{9A19103F-16F7-4668-BE54-9A1E7A4F7556}") = "AlgorithmsPractice", "AlgorithmsPractice.csproj", "{659DB726-B19C-4FFA-94AB-28D2053D5D28}"
EndProject
Global
	GlobalSection(SolutionConfigurationPlatforms) = preSolution
		Debug|Any CPU = Debug|Any CPU
		Release|Any CPU = Release|Any CPU
	EndGlobalSection
	GlobalSection(ProjectConfigurationPlatforms) = postSolution
		{659DB726-B19C-4FFA-94AB-28D2053D5D28}.Debug|Any CPU.ActiveCfg = Debug|Any CPU
		{659DB726-B19C-4FFA-94AB-28D2053D5D28}.Debug|Any CPU.Build.0 = Debug|Any CPU
		{659DB726-B19C-4FFA-94AB-28D2053D5D28}.Release|Any CPU.ActiveCfg = Release|Any CPU
		{659DB726-B19C-4FFA-94AB-28D2053D5D28}.Release|Any CPU.Build.0 = Release|Any CPU
	EndGlobalSection
	GlobalSection(SolutionProperties) = preSolution
		HideSolutionNode = FALSE
	EndGlobalSection
	GlobalSection(ExtensibilityGlobals) = postSolution
		SolutionGuid = {57EB5A30-5DCF-4057-A3EF-CBFBBD705A01}
	EndGlobalSection
EndGlobal
